
Microsoft Visual Studio Solution File, Format Version 12.00
# Visual Studio Version 17
VisualStudioVersion = 17.9.34902.65
MinimumVisualStudioVersion = 10.0.40219.1
Project("{9A19103F-16F7-4668-BE54-9A1E7A4F7556}") = "WinFormsApp1Demo", "WinFormsApp1Demo\WinFormsApp1Demo.csproj", "{1A16FC75-EEC2-4015-AA65-E5F8CA2D2EAF}"
EndProject
Project("{54435603-DBB4-11D2-8724-00A0C9A8B90C}") = "AIS", "..\..\..\OneDrive\Desktop\Setup2\Setup2.vdproj", "{D251CF25-1B63-4382-842B-5E6197D9BE32}"
EndProject
Global
	GlobalSection(SolutionConfigurationPlatforms) = preSolution
		Debug|Any CPU = Debug|Any CPU
		Release|Any CPU = Release|Any CPU
	EndGlobalSection
	GlobalSection(ProjectConfigurationPlatforms) = postSolution
		{1A16FC75-EEC2-4015-AA65-E5F8CA2D2EAF}.Debug|Any CPU.ActiveCfg = Debug|Any CPU
		{1A16FC75-EEC2-4015-AA65-E5F8CA2D2EAF}.Debug|Any CPU.Build.0 = Debug|Any CPU
		{1A16FC75-EEC2-4015-AA65-E5F8CA2D2EAF}.Release|Any CPU.ActiveCfg = Release|Any CPU
		{1A16FC75-EEC2-4015-AA65-E5F8CA2D2EAF}.Release|Any CPU.Build.0 = Release|Any CPU
		{D251CF25-1B63-4382-842B-5E6197D9BE32}.Debug|Any CPU.ActiveCfg = Debug
		{D251CF25-1B63-4382-842B-5E6197D9BE32}.Release|Any CPU.ActiveCfg = Release
	EndGlobalSection
	GlobalSection(SolutionProperties) = preSolution
		HideSolutionNode = FALSE
	EndGlobalSection
	GlobalSection(ExtensibilityGlobals) = postSolution
		SolutionGuid = {CD75A566-4E23-4E98-B960-507BD620064B}
	EndGlobalSection
EndGlobal
